
Microsoft Visual Studio Solution File, Format Version 12.00
# Visual Studio Version 16
VisualStudioVersion = 16.0.29025.244
MinimumVisualStudioVersion = 10.0.40219.1
Project("{FAE04EC0-301F-11D3-BF4B-00C04F79EFBC}") = "ArcheAge-DB-Parser", "ArcheAge-DB-Parser\ArcheAge-DB-Parser.csproj", "{1012B4CF-DEC2-4034-B31C-451200F1BBB4}"
EndProject
Global
	GlobalSection(SolutionConfigurationPlatforms) = preSolution
		Debug|Any CPU = Debug|Any CPU
		Release|Any CPU = Release|Any CPU
	EndGlobalSection
	GlobalSection(ProjectConfigurationPlatforms) = postSolution
		{1012B4CF-DEC2-4034-B31C-451200F1BBB4}.Debug|Any CPU.ActiveCfg = Debug|Any CPU
		{1012B4CF-DEC2-4034-B31C-451200F1BBB4}.Debug|Any CPU.Build.0 = Debug|Any CPU
		{1012B4CF-DEC2-4034-B31C-451200F1BBB4}.Release|Any CPU.ActiveCfg = Release|Any CPU
		{1012B4CF-DEC2-4034-B31C-451200F1BBB4}.Release|Any CPU.Build.0 = Release|Any CPU
	EndGlobalSection
	GlobalSection(SolutionProperties) = preSolution
		HideSolutionNode = FALSE
	EndGlobalSection
	GlobalSection(ExtensibilityGlobals) = postSolution
		SolutionGuid = {F93C24BC-E3CC-4044-A634-53AC4D46AFD0}
	EndGlobalSection
EndGlobal
